
Microsoft Visual Studio Solution File, Format Version 12.00
# Visual Studio Version 16
VisualStudioVersion = 16.0.32126.315
MinimumVisualStudioVersion = 10.0.40219.1
Project("{FAE04EC0-301F-11D3-BF4B-00C04F79EFBC}") = "ListOpdracht", "ListOpdracht\ListOpdracht.csproj", "{0282ED98-6D0F-4AA0-BF32-214E054E62A4}"
EndProject
Project("{FAE04EC0-301F-11D3-BF4B-00C04F79EFBC}") = "EnumsOpdracht", "EnumsOpdracht\EnumsOpdracht.csproj", "{61C85112-2B0A-401A-874B-BB0DB357C5A9}"
EndProject
Project("{FAE04EC0-301F-11D3-BF4B-00C04F79EFBC}") = "FileDirOpdracht", "FileDirOpdracht\FileDirOpdracht.csproj", "{11DB27E6-0882-4835-9EE6-E083A64C5E38}"
EndProject
Project("{FAE04EC0-301F-11D3-BF4B-00C04F79EFBC}") = "FileIOOpdracht", "FileIOOpdracht\FileIOOpdracht.csproj", "{79E77204-5FDD-461D-9ECC-B09B9065AEA5}"
EndProject
Project("{FAE04EC0-301F-11D3-BF4B-00C04F79EFBC}") = "StringOpdracht", "StringOpdracht\StringOpdracht.csproj", "{DCA26BB9-2052-411B-A204-760D74287FD6}"
EndProject
Global
	GlobalSection(SolutionConfigurationPlatforms) = preSolution
		Debug|Any CPU = Debug|Any CPU
		Release|Any CPU = Release|Any CPU
	EndGlobalSection
	GlobalSection(ProjectConfigurationPlatforms) = postSolution
		{0282ED98-6D0F-4AA0-BF32-214E054E62A4}.Debug|Any CPU.ActiveCfg = Debug|Any CPU
		{0282ED98-6D0F-4AA0-BF32-214E054E62A4}.Debug|Any CPU.Build.0 = Debug|Any CPU
		{0282ED98-6D0F-4AA0-BF32-214E054E62A4}.Release|Any CPU.ActiveCfg = Release|Any CPU
		{0282ED98-6D0F-4AA0-BF32-214E054E62A4}.Release|Any CPU.Build.0 = Release|Any CPU
		{61C85112-2B0A-401A-874B-BB0DB357C5A9}.Debug|Any CPU.ActiveCfg = Debug|Any CPU
		{61C85112-2B0A-401A-874B-BB0DB357C5A9}.Debug|Any CPU.Build.0 = Debug|Any CPU
		{61C85112-2B0A-401A-874B-BB0DB357C5A9}.Release|Any CPU.ActiveCfg = Release|Any CPU
		{61C85112-2B0A-401A-874B-BB0DB357C5A9}.Release|Any CPU.Build.0 = Release|Any CPU
		{11DB27E6-0882-4835-9EE6-E083A64C5E38}.Debug|Any CPU.ActiveCfg = Debug|Any CPU
		{11DB27E6-0882-4835-9EE6-E083A64C5E38}.Debug|Any CPU.Build.0 = Debug|Any CPU
		{11DB27E6-0882-4835-9EE6-E083A64C5E38}.Release|Any CPU.ActiveCfg = Release|Any CPU
		{11DB27E6-0882-4835-9EE6-E083A64C5E38}.Release|Any CPU.Build.0 = Release|Any CPU
		{79E77204-5FDD-461D-9ECC-B09B9065AEA5}.Debug|Any CPU.ActiveCfg = Debug|Any CPU
		{79E77204-5FDD-461D-9ECC-B09B9065AEA5}.Debug|Any CPU.Build.0 = Debug|Any CPU
		{79E77204-5FDD-461D-9ECC-B09B9065AEA5}.Release|Any CPU.ActiveCfg = Release|Any CPU
		{79E77204-5FDD-461D-9ECC-B09B9065AEA5}.Release|Any CPU.Build.0 = Release|Any CPU
		{DCA26BB9-2052-411B-A204-760D74287FD6}.Debug|Any CPU.ActiveCfg = Debug|Any CPU
		{DCA26BB9-2052-411B-A204-760D74287FD6}.Debug|Any CPU.Build.0 = Debug|Any CPU
		{DCA26BB9-2052-411B-A204-760D74287FD6}.Release|Any CPU.ActiveCfg = Release|Any CPU
		{DCA26BB9-2052-411B-A204-760D74287FD6}.Release|Any CPU.Build.0 = Release|Any CPU
	EndGlobalSection
	GlobalSection(SolutionProperties) = preSolution
		HideSolutionNode = FALSE
	EndGlobalSection
	GlobalSection(ExtensibilityGlobals) = postSolution
		SolutionGuid = {5C19F5C2-692A-4188-BF53-F256EC2E7270}
	EndGlobalSection
EndGlobal
